{
  "version": "4",
  "specifiers": {
    "npm:@happy-dom/global-registrator@*": "17.1.8"
  },
  "npm": {
    "@happy-dom/global-registrator@17.1.8": {
      "integrity": "sha512-8/INgMD5gqzhaGnRbcHvQ3cYa70ZbdUTMiCQg+4Pz22vogILU2Q1spnneunMVjAtx6DBRMO8rBnDeMREVVyADQ==",
      "dependencies": [
        "happy-dom"
      ]
    },
    "happy-dom@17.1.8": {
      "integrity": "sha512-Yxbq/FG79z1rhAf/iB6YM8wO2JB/JDQBy99RiLSs+2siEAi5J05x9eW1nnASHZJbpldjJE2KuFLsLZ+AzX/IxA==",
      "dependencies": [
        "webidl-conversions",
        "whatwg-mimetype"
      ]
    },
    "webidl-conversions@7.0.0": {
      "integrity": "sha512-VwddBukDzu71offAQR975unBIGqfKZpM+8ZX6ySk8nYhVoo5CYaZyzt3YBvYtRtO+aoGlqxPg/B87NGVZ/fu6g=="
    },
    "whatwg-mimetype@3.0.0": {
      "integrity": "sha512-nt+N2dzIutVRxARx1nghPKGv1xHikU7HKdfafKkLNLindmPU/ch3U31NOCGGA/dmPcmb1VlofO0vnKAcsm0o/Q=="
    }
  },
  "workspace": {
    "dependencies": [
      "npm:@happy-dom/global-registrator@*"
    ]
  }
}
